// !$*UTF8*$!
{
	archiveVersion = 1;
	classes = {
	};
	objectVersion = 46;
	objects = {

/* Begin PBXBuildFile section */
		C44957011CD42A6C00375530 /* main.cpp in Sources */ = {isa = PBXBuildFile; fileRef = C44957001CD42A6C00375530 /* main.cpp */; };
		C44957081CD42B1200375530 /* tinydl.cpp in Sources */ = {isa = PBXBuildFile; fileRef = C44957071CD42B1200375530 /* tinydl.cpp */; };
/* End PBXBuildFile section */

/* Begin PBXCopyFilesBuildPhase section */
		C44956FB1CD42A6C00375530 /* CopyFiles */ = {
			isa = PBXCopyFilesBuildPhase;
			buildActionMask = 2147483647;
			dstPath = /usr/share/man/man1/;
			dstSubfolderSpec = 0;
			files = (
			);
			runOnlyForDeploymentPostprocessing = 1;
		};
/* End PBXCopyFilesBuildPhase section */

/* Begin PBXFileReference section */
		C44956FD1CD42A6C00375530 /* tinydl */ = {isa = PBXFileReference; explicitFileType = "compiled.mach-o.executable"; includeInIndex = 0; path = tinydl; sourceTree = BUILT_PRODUCTS_DIR; };
		C44957001CD42A6C00375530 /* main.cpp */ = {isa = PBXFileReference; lastKnownFileType = sourcecode.cpp.cpp; path = main.cpp; sourceTree = "<group>"; };
		C44957071CD42B1200375530 /* tinydl.cpp */ = {isa = PBXFileReference; fileEncoding = 4; lastKnownFileType = sourcecode.cpp.cpp; path = tinydl.cpp; sourceTree = "<group>"; };
		C44957091CD42B5400375530 /* twospirals.h */ = {isa = PBXFileReference; fileEncoding = 4; lastKnownFileType = sourcecode.c.h; path = twospirals.h; sourceTree = "<group>"; };
/* End PBXFileReference section */

/* Begin PBXFrameworksBuildPhase section */
		C44956FA1CD42A6C00375530 /* Frameworks */ = {
			isa = PBXFrameworksBuildPhase;
			buildActionMask = 2147483647;
			files = (
			);
			runOnlyForDeploymentPostprocessing = 0;
		};
/* End PBXFrameworksBuildPhase section */

/* Begin PBXGroup section */
		C44956F41CD42A6C00375530 = {
			isa = PBXGroup;
			children = (
				C44956FF1CD42A6C00375530 /* tinydl */,
				C44956FE1CD42A6C00375530 /* Products */,
			);
			sourceTree = "<group>";
		};
		C44956FE1CD42A6C00375530 /* Products */ = {
			isa = PBXGroup;
			children = (
				C44956FD1CD42A6C00375530 /* tinydl */,
			);
			name = Products;
			sourceTree = "<group>";
		};
		C44956FF1CD42A6C00375530 /* tinydl */ = {
			isa = PBXGroup;
			children = (
				C44957001CD42A6C00375530 /* main.cpp */,
				C44957091CD42B5400375530 /* twospirals.h */,
				C44957071CD42B1200375530 /* tinydl.cpp */,
			);
			path = tinydl;
			sourceTree = "<group>";
		};
/* End PBXGroup section */

/* Begin PBXNativeTarget section */
		C44956FC1CD42A6C00375530 /* tinydl */ = {
			isa = PBXNativeTarget;
			buildConfigurationList = C44957041CD42A6C00375530 /* Build configuration list for PBXNativeTarget "tinydl" */;
			buildPhases = (
				C44956F91CD42A6C00375530 /* Sources */,
				C44956FA1CD42A6C00375530 /* Frameworks */,
				C44956FB1CD42A6C00375530 /* CopyFiles */,
			);
			buildRules = (
			);
			dependencies = (
			);
			name = tinydl;
			productName = tinydl;
			productReference = C44956FD1CD42A6C00375530 /* tinydl */;
			productType = "com.apple.product-type.tool";
		};
/* End PBXNativeTarget section */

/* Begin PBXProject section */
		C44956F51CD42A6C00375530 /* Project object */ = {
			isa = PBXProject;
			attributes = {
				LastUpgradeCheck = 0610;
				ORGANIZATIONNAME = "Matt Oberdorfer";
				TargetAttributes = {
					C44956FC1CD42A6C00375530 = {
						CreatedOnToolsVersion = 6.1;
					};
				};
			};
			buildConfigurationList = C44956F81CD42A6C00375530 /* Build configuration list for PBXProject "tinydl" */;
			compatibilityVersion = "Xcode 3.2";
			developmentRegion = English;
			hasScannedForEncodings = 0;
			knownRegions = (
				en,
			);
			mainGroup = C44956F41CD42A6C00375530;
			productRefGroup = C44956FE1CD42A6C00375530 /* Products */;
			projectDirPath = "";
			projectRoot = "";
			targets = (
				C44956FC1CD42A6C00375530 /* tinydl */,
			);
		};
/* End PBXProject section */

/* Begin PBXSourcesBuildPhase section */
		C44956F91CD42A6C00375530 /* Sources */ = {
			isa = PBXSourcesBuildPhase;
			buildActionMask = 2147483647;
			files = (
				C44957011CD42A6C00375530 /* main.cpp in Sources */,
				C44957081CD42B1200375530 /* tinydl.cpp in Sources */,
			);
			runOnlyForDeploymentPostprocessing = 0;
		};
/* End PBXSourcesBuildPhase section */

/* Begin XCBuildConfiguration section */
		C44957021CD42A6C00375530 /* Debug */ = {
			isa = XCBuildConfiguration;
			buildSettings = {
				ALWAYS_SEARCH_USER_PATHS = NO;
				CLANG_CXX_LANGUAGE_STANDARD = "gnu++0x";
				CLANG_CXX_LIBRARY = "libc++";
				CLANG_ENABLE_MODULES = YES;
				CLANG_ENABLE_OBJC_ARC = YES;
				CLANG_WARN_BOOL_CONVERSION = YES;
				CLANG_WARN_CONSTANT_CONVERSION = YES;
				CLANG_WARN_DIRECT_OBJC_ISA_USAGE = YES_ERROR;
				CLANG_WARN_EMPTY_BODY = YES;
				CLANG_WARN_ENUM_CONVERSION = YES;
				CLANG_WARN_INT_CONVERSION = YES;
				CLANG_WARN_OBJC_ROOT_CLASS = YES_ERROR;
				CLANG_WARN_UNREACHABLE_CODE = YES;
				CLANG_WARN__DUPLICATE_METHOD_MATCH = YES;
				COPY_PHASE_STRIP = NO;
				ENABLE_STRICT_OBJC_MSGSEND = YES;
				GCC_C_LANGUAGE_STANDARD = gnu99;
				GCC_DYNAMIC_NO_PIC = NO;
				GCC_OPTIMIZATION_LEVEL = 0;
				GCC_PREPROCESSOR_DEFINITIONS = (
					"DEBUG=1",
					"$(inherited)",
				);
				GCC_SYMBOLS_PRIVATE_EXTERN = NO;
				GCC_WARN_64_TO_32_BIT_CONVERSION = YES;
				GCC_WARN_ABOUT_RETURN_TYPE = YES_ERROR;
				GCC_WARN_UNDECLARED_SELECTOR = YES;
				GCC_WARN_UNINITIALIZED_AUTOS = YES_AGGRESSIVE;
				GCC_WARN_UNUSED_FUNCTION = YES;
				GCC_WARN_UNUSED_VARIABLE = YES;
				MACOSX_DEPLOYMENT_TARGET = 10.9;
				MTL_ENABLE_DEBUG_INFO = YES;
				ONLY_ACTIVE_ARCH = YES;
				SDKROOT = macosx;
			};
			name = Debug;
		};
		C44957031CD42A6C00375530 /* Release */ = {
			isa = XCBuildConfiguration;
			buildSettings = {
				ALWAYS_SEARCH_USER_PATHS = NO;
				CLANG_CXX_LANGUAGE_STANDARD = "gnu++0x";
				CLANG_CXX_LIBRARY = "libc++";
				CLANG_ENABLE_MODULES = YES;
				CLANG_ENABLE_OBJC_ARC = YES;
				CLANG_WARN_BOOL_CONVERSION = YES;
				CLANG_WARN_CONSTANT_CONVERSION = YES;
				CLANG_WARN_DIRECT_OBJC_ISA_USAGE = YES_ERROR;
				CLANG_WARN_EMPTY_BODY = YES;
				CLANG_WARN_ENUM_CONVERSION = YES;
				CLANG_WARN_INT_CONVERSION = YES;
				CLANG_WARN_OBJC_ROOT_CLASS = YES_ERROR;
				CLANG_WARN_UNREACHABLE_CODE = YES;
				CLANG_WARN__DUPLICATE_METHOD_MATCH = YES;
				COPY_PHASE_STRIP = YES;
				DEBUG_INFORMATION_FORMAT = "dwarf-with-dsym";
				ENABLE_NS_ASSERTIONS = NO;
				ENABLE_STRICT_OBJC_MSGSEND = YES;
				GCC_C_LANGUAGE_STANDARD = gnu99;
				GCC_WARN_64_TO_32_BIT_CONVERSION = YES;
				GCC_WARN_ABOUT_RETURN_TYPE = YES_ERROR;
				GCC_WARN_UNDECLARED_SELECTOR = YES;
				GCC_WARN_UNINITIALIZED_AUTOS = YES_AGGRESSIVE;
				GCC_WARN_UNUSED_FUNCTION = YES;
				GCC_WARN_UNUSED_VARIABLE = YES;
				MACOSX_DEPLOYMENT_TARGET = 10.9;
				MTL_ENABLE_DEBUG_INFO = NO;
				SDKROOT = macosx;
			};
			name = Release;
		};
		C44957051CD42A6C00375530 /* Debug */ = {
			isa = XCBuildConfiguration;
			buildSettings = {
				PRODUCT_NAME = "$(TARGET_NAME)";
			};
			name = Debug;
		};
		C44957061CD42A6C00375530 /* Release */ = {
			isa = XCBuildConfiguration;
			buildSettings = {
				PRODUCT_NAME = "$(TARGET_NAME)";
			};
			name = Release;
		};
/* End XCBuildConfiguration section */

/* Begin XCConfigurationList section */
		C44956F81CD42A6C00375530 /* Build configuration list for PBXProject "tinydl" */ = {
			isa = XCConfigurationList;
			buildConfigurations = (
				C44957021CD42A6C00375530 /* Debug */,
				C44957031CD42A6C00375530 /* Release */,
			);
			defaultConfigurationIsVisible = 0;
			defaultConfigurationName = Release;
		};
		C44957041CD42A6C00375530 /* Build configuration list for PBXNativeTarget "tinydl" */ = {
			isa = XCConfigurationList;
			buildConfigurations = (
				C44957051CD42A6C00375530 /* Debug */,
				C44957061CD42A6C00375530 /* Release */,
			);
			defaultConfigurationIsVisible = 0;
		};
/* End XCConfigurationList section */
	};
	rootObject = C44956F51CD42A6C00375530 /* Project object */;
}
